// !$*UTF8*$!
{
	archiveVersion = 1;
	classes = {
	};
	objectVersion = 56;
	objects = {

/* Begin PBXBuildFile section */
		33A23BFB296D79FC0035FBC6 /* practiceFromStanfordApp.swift in Sources */ = {isa = PBXBuildFile; fileRef = 33A23BFA296D79FC0035FBC6 /* practiceFromStanfordApp.swift */; };
		33A23BFD296D79FC0035FBC6 /* GameView.swift in Sources */ = {isa = PBXBuildFile; fileRef = 33A23BFC296D79FC0035FBC6 /* GameView.swift */; };
		33A23BFF296D79FE0035FBC6 /* Assets.xcassets in Resources */ = {isa = PBXBuildFile; fileRef = 33A23BFE296D79FE0035FBC6 /* Assets.xcassets */; };
		33A23C02296D79FE0035FBC6 /* Preview Assets.xcassets in Resources */ = {isa = PBXBuildFile; fileRef = 33A23C01296D79FE0035FBC6 /* Preview Assets.xcassets */; };
		33A23C0C296D79FE0035FBC6 /* practiceFromStanfordTests.swift in Sources */ = {isa = PBXBuildFile; fileRef = 33A23C0B296D79FE0035FBC6 /* practiceFromStanfordTests.swift */; };
		33A23C16296D79FE0035FBC6 /* practiceFromStanfordUITests.swift in Sources */ = {isa = PBXBuildFile; fileRef = 33A23C15296D79FE0035FBC6 /* practiceFromStanfordUITests.swift */; };
		33A23C18296D79FE0035FBC6 /* practiceFromStanfordUITestsLaunchTests.swift in Sources */ = {isa = PBXBuildFile; fileRef = 33A23C17296D79FE0035FBC6 /* practiceFromStanfordUITestsLaunchTests.swift */; };
		33B2A5D829A7DDAA00032230 /* AspectVGrid.swift in Sources */ = {isa = PBXBuildFile; fileRef = 33B2A5D729A7DDAA00032230 /* AspectVGrid.swift */; };
		33B2A5DC29A8A4A400032230 /* Cardify .swift in Sources */ = {isa = PBXBuildFile; fileRef = 33B2A5DB29A8A4A400032230 /* Cardify .swift */; };
		33D7E1D129702583001D4E13 /* Model.swift in Sources */ = {isa = PBXBuildFile; fileRef = 33D7E1D029702583001D4E13 /* Model.swift */; };
		33D7E1D329702A1B001D4E13 /* ViewModel.swift in Sources */ = {isa = PBXBuildFile; fileRef = 33D7E1D229702A1B001D4E13 /* ViewModel.swift */; };
/* End PBXBuildFile section */

/* Begin PBXContainerItemProxy section */
		33A23C08296D79FE0035FBC6 /* PBXContainerItemProxy */ = {
			isa = PBXContainerItemProxy;
			containerPortal = 33A23BEF296D79FC0035FBC6 /* Project object */;
			proxyType = 1;
			remoteGlobalIDString = 33A23BF6296D79FC0035FBC6;
			remoteInfo = practiceFromStanford;
		};
		33A23C12296D79FE0035FBC6 /* PBXContainerItemProxy */ = {
			isa = PBXContainerItemProxy;
			containerPortal = 33A23BEF296D79FC0035FBC6 /* Project object */;
			proxyType = 1;
			remoteGlobalIDString = 33A23BF6296D79FC0035FBC6;
			remoteInfo = practiceFromStanford;
		};
/* End PBXContainerItemProxy section */

/* Begin PBXFileReference section */
		33A23BF7296D79FC0035FBC6 /* practiceFromStanford.app */ = {isa = PBXFileReference; explicitFileType = wrapper.application; includeInIndex = 0; path = practiceFromStanford.app; sourceTree = BUILT_PRODUCTS_DIR; };
		33A23BFA296D79FC0035FBC6 /* practiceFromStanfordApp.swift */ = {isa = PBXFileReference; lastKnownFileType = sourcecode.swift; path = practiceFromStanfordApp.swift; sourceTree = "<group>"; };
		33A23BFC296D79FC0035FBC6 /* GameView.swift */ = {isa = PBXFileReference; lastKnownFileType = sourcecode.swift; path = GameView.swift; sourceTree = "<group>"; };
		33A23BFE296D79FE0035FBC6 /* Assets.xcassets */ = {isa = PBXFileReference; lastKnownFileType = folder.assetcatalog; path = Assets.xcassets; sourceTree = "<group>"; };
		33A23C01296D79FE0035FBC6 /* Preview Assets.xcassets */ = {isa = PBXFileReference; lastKnownFileType = folder.assetcatalog; path = "Preview Assets.xcassets"; sourceTree = "<group>"; };
		33A23C07296D79FE0035FBC6 /* practiceFromStanfordTests.xctest */ = {isa = PBXFileReference; explicitFileType = wrapper.cfbundle; includeInIndex = 0; path = practiceFromStanfordTests.xctest; sourceTree = BUILT_PRODUCTS_DIR; };
		33A23C0B296D79FE0035FBC6 /* practiceFromStanfordTests.swift */ = {isa = PBXFileReference; lastKnownFileType = sourcecode.swift; path = practiceFromStanfordTests.swift; sourceTree = "<group>"; };
		33A23C11296D79FE0035FBC6 /* practiceFromStanfordUITests.xctest */ = {isa = PBXFileReference; explicitFileType = wrapper.cfbundle; includeInIndex = 0; path = practiceFromStanfordUITests.xctest; sourceTree = BUILT_PRODUCTS_DIR; };
		33A23C15296D79FE0035FBC6 /* practiceFromStanfordUITests.swift */ = {isa = PBXFileReference; lastKnownFileType = sourcecode.swift; path = practiceFromStanfordUITests.swift; sourceTree = "<group>"; };
		33A23C17296D79FE0035FBC6 /* practiceFromStanfordUITestsLaunchTests.swift */ = {isa = PBXFileReference; lastKnownFileType = sourcecode.swift; path = practiceFromStanfordUITestsLaunchTests.swift; sourceTree = "<group>"; };
		33B2A5D729A7DDAA00032230 /* AspectVGrid.swift */ = {isa = PBXFileReference; lastKnownFileType = sourcecode.swift; path = AspectVGrid.swift; sourceTree = "<group>"; };
		33B2A5DB29A8A4A400032230 /* Cardify .swift */ = {isa = PBXFileReference; lastKnownFileType = sourcecode.swift; path = "Cardify .swift"; sourceTree = "<group>"; };
		33D7E1D029702583001D4E13 /* Model.swift */ = {isa = PBXFileReference; lastKnownFileType = sourcecode.swift; path = Model.swift; sourceTree = "<group>"; };
		33D7E1D229702A1B001D4E13 /* ViewModel.swift */ = {isa = PBXFileReference; lastKnownFileType = sourcecode.swift; path = ViewModel.swift; sourceTree = "<group>"; };
/* End PBXFileReference section */

/* Begin PBXFrameworksBuildPhase section */
		33A23BF4296D79FC0035FBC6 /* Frameworks */ = {
			isa = PBXFrameworksBuildPhase;
			buildActionMask = 2147483647;
			files = (
			);
			runOnlyForDeploymentPostprocessing = 0;
		};
		33A23C04296D79FE0035FBC6 /* Frameworks */ = {
			isa = PBXFrameworksBuildPhase;
			buildActionMask = 2147483647;
			files = (
			);
			runOnlyForDeploymentPostprocessing = 0;
		};
		33A23C0E296D79FE0035FBC6 /* Frameworks */ = {
			isa = PBXFrameworksBuildPhase;
			buildActionMask = 2147483647;
			files = (
			);
			runOnlyForDeploymentPostprocessing = 0;
		};
/* End PBXFrameworksBuildPhase section */

/* Begin PBXGroup section */
		33A23BEE296D79FC0035FBC6 = {
			isa = PBXGroup;
			children = (
				33A23BF9296D79FC0035FBC6 /* practiceFromStanford */,
				33A23C0A296D79FE0035FBC6 /* practiceFromStanfordTests */,
				33A23C14296D79FE0035FBC6 /* practiceFromStanfordUITests */,
				33A23BF8296D79FC0035FBC6 /* Products */,
			);
			sourceTree = "<group>";
		};
		33A23BF8296D79FC0035FBC6 /* Products */ = {
			isa = PBXGroup;
			children = (
				33A23BF7296D79FC0035FBC6 /* practiceFromStanford.app */,
				33A23C07296D79FE0035FBC6 /* practiceFromStanfordTests.xctest */,
				33A23C11296D79FE0035FBC6 /* practiceFromStanfordUITests.xctest */,
			);
			name = Products;
			sourceTree = "<group>";
		};
		33A23BF9296D79FC0035FBC6 /* practiceFromStanford */ = {
			isa = PBXGroup;
			children = (
				33A23BFA296D79FC0035FBC6 /* practiceFromStanfordApp.swift */,
				33D7E1D029702583001D4E13 /* Model.swift */,
				33D7E1D229702A1B001D4E13 /* ViewModel.swift */,
				33A23BFC296D79FC0035FBC6 /* GameView.swift */,
				33B2A5D729A7DDAA00032230 /* AspectVGrid.swift */,
				33B2A5DB29A8A4A400032230 /* Cardify .swift */,
				33A23BFE296D79FE0035FBC6 /* Assets.xcassets */,
				33A23C00296D79FE0035FBC6 /* Preview Content */,
			);
			path = practiceFromStanford;
			sourceTree = "<group>";
		};
		33A23C00296D79FE0035FBC6 /* Preview Content */ = {
			isa = PBXGroup;
			children = (
				33A23C01296D79FE0035FBC6 /* Preview Assets.xcassets */,
			);
			path = "Preview Content";
			sourceTree = "<group>";
		};
		33A23C0A296D79FE0035FBC6 /* practiceFromStanfordTests */ = {
			isa = PBXGroup;
			children = (
				33A23C0B296D79FE0035FBC6 /* practiceFromStanfordTests.swift */,
			);
			path = practiceFromStanfordTests;
			sourceTree = "<group>";
		};
		33A23C14296D79FE0035FBC6 /* practiceFromStanfordUITests */ = {
			isa = PBXGroup;
			children = (
				33A23C15296D79FE0035FBC6 /* practiceFromStanfordUITests.swift */,
				33A23C17296D79FE0035FBC6 /* practiceFromStanfordUITestsLaunchTests.swift */,
			);
			path = practiceFromStanfordUITests;
			sourceTree = "<group>";
		};
/* End PBXGroup section */

/* Begin PBXNativeTarget section */
		33A23BF6296D79FC0035FBC6 /* practiceFromStanford */ = {
			isa = PBXNativeTarget;
			buildConfigurationList = 33A23C1B296D79FE0035FBC6 /* Build configuration list for PBXNativeTarget "practiceFromStanford" */;
			buildPhases = (
				33A23BF3296D79FC0035FBC6 /* Sources */,
				33A23BF4296D79FC0035FBC6 /* Frameworks */,
				33A23BF5296D79FC0035FBC6 /* Resources */,
			);
			buildRules = (
			);
			dependencies = (
			);
			name = practiceFromStanford;
			productName = practiceFromStanford;
			productReference = 33A23BF7296D79FC0035FBC6 /* practiceFromStanford.app */;
			productType = "com.apple.product-type.application";
		};
		33A23C06296D79FE0035FBC6 /* practiceFromStanfordTests */ = {
			isa = PBXNativeTarget;
			buildConfigurationList = 33A23C1E296D79FE0035FBC6 /* Build configuration list for PBXNativeTarget "practiceFromStanfordTests" */;
			buildPhases = (
				33A23C03296D79FE0035FBC6 /* Sources */,
				33A23C04296D79FE0035FBC6 /* Frameworks */,
				33A23C05296D79FE0035FBC6 /* Resources */,
			);
			buildRules = (
			);
			dependencies = (
				33A23C09296D79FE0035FBC6 /* PBXTargetDependency */,
			);
			name = practiceFromStanfordTests;
			productName = practiceFromStanfordTests;
			productReference = 33A23C07296D79FE0035FBC6 /* practiceFromStanfordTests.xctest */;
			productType = "com.apple.product-type.bundle.unit-test";
		};
		33A23C10296D79FE0035FBC6 /* practiceFromStanfordUITests */ = {
			isa = PBXNativeTarget;
			buildConfigurationList = 33A23C21296D79FE0035FBC6 /* Build configuration list for PBXNativeTarget "practiceFromStanfordUITests" */;
			buildPhases = (
				33A23C0D296D79FE0035FBC6 /* Sources */,
				33A23C0E296D79FE0035FBC6 /* Frameworks */,
				33A23C0F296D79FE0035FBC6 /* Resources */,
			);
			buildRules = (
			);
			dependencies = (
				33A23C13296D79FE0035FBC6 /* PBXTargetDependency */,
			);
			name = practiceFromStanfordUITests;
			productName = practiceFromStanfordUITests;
			productReference = 33A23C11296D79FE0035FBC6 /* practiceFromStanfordUITests.xctest */;
			productType = "com.apple.product-type.bundle.ui-testing";
		};
/* End PBXNativeTarget section */

/* Begin PBXProject section */
		33A23BEF296D79FC0035FBC6 /* Project object */ = {
			isa = PBXProject;
			attributes = {
				BuildIndependentTargetsInParallel = 1;
				LastSwiftUpdateCheck = 1420;
				LastUpgradeCheck = 1420;
				TargetAttributes = {
					33A23BF6296D79FC0035FBC6 = {
						CreatedOnToolsVersion = 14.2;
					};
					33A23C06296D79FE0035FBC6 = {
						CreatedOnToolsVersion = 14.2;
						TestTargetID = 33A23BF6296D79FC0035FBC6;
					};
					33A23C10296D79FE0035FBC6 = {
						CreatedOnToolsVersion = 14.2;
						TestTargetID = 33A23BF6296D79FC0035FBC6;
					};
				};
			};
			buildConfigurationList = 33A23BF2296D79FC0035FBC6 /* Build configuration list for PBXProject "practiceFromStanford" */;
			compatibilityVersion = "Xcode 14.0";
			developmentRegion = en;
			hasScannedForEncodings = 0;
			knownRegions = (
				en,
				Base,
			);
			mainGroup = 33A23BEE296D79FC0035FBC6;
			productRefGroup = 33A23BF8296D79FC0035FBC6 /* Products */;
			projectDirPath = "";
			projectRoot = "";
			targets = (
				33A23BF6296D79FC0035FBC6 /* practiceFromStanford */,
				33A23C06296D79FE0035FBC6 /* practiceFromStanfordTests */,
				33A23C10296D79FE0035FBC6 /* practiceFromStanfordUITests */,
			);
		};
/* End PBXProject section */

/* Begin PBXResourcesBuildPhase section */
		33A23BF5296D79FC0035FBC6 /* Resources */ = {
			isa = PBXResourcesBuildPhase;
			buildActionMask = 2147483647;
			files = (
				33A23C02296D79FE0035FBC6 /* Preview Assets.xcassets in Resources */,
				33A23BFF296D79FE0035FBC6 /* Assets.xcassets in Resources */,
			);
			runOnlyForDeploymentPostprocessing = 0;
		};
		33A23C05296D79FE0035FBC6 /* Resources */ = {
			isa = PBXResourcesBuildPhase;
			buildActionMask = 2147483647;
			files = (
			);
			runOnlyForDeploymentPostprocessing = 0;
		};
		33A23C0F296D79FE0035FBC6 /* Resources */ = {
			isa = PBXResourcesBuildPhase;
			buildActionMask = 2147483647;
			files = (
			);
			runOnlyForDeploymentPostprocessing = 0;
		};
/* End PBXResourcesBuildPhase section */

/* Begin PBXSourcesBuildPhase section */
		33A23BF3296D79FC0035FBC6 /* Sources */ = {
			isa = PBXSourcesBuildPhase;
			buildActionMask = 2147483647;
			files = (
				33B2A5DC29A8A4A400032230 /* Cardify .swift in Sources */,
				33A23BFD296D79FC0035FBC6 /* GameView.swift in Sources */,
				33A23BFB296D79FC0035FBC6 /* practiceFromStanfordApp.swift in Sources */,
				33D7E1D329702A1B001D4E13 /* ViewModel.swift in Sources */,
				33B2A5D829A7DDAA00032230 /* AspectVGrid.swift in Sources */,
				33D7E1D129702583001D4E13 /* Model.swift in Sources */,
			);
			runOnlyForDeploymentPostprocessing = 0;
		};
		33A23C03296D79FE0035FBC6 /* Sources */ = {
			isa = PBXSourcesBuildPhase;
			buildActionMask = 2147483647;
			files = (
				33A23C0C296D79FE0035FBC6 /* practiceFromStanfordTests.swift in Sources */,
			);
			runOnlyForDeploymentPostprocessing = 0;
		};
		33A23C0D296D79FE0035FBC6 /* Sources */ = {
			isa = PBXSourcesBuildPhase;
			buildActionMask = 2147483647;
			files = (
				33A23C18296D79FE0035FBC6 /* practiceFromStanfordUITestsLaunchTests.swift in Sources */,
				33A23C16296D79FE0035FBC6 /* practiceFromStanfordUITests.swift in Sources */,
			);
			runOnlyForDeploymentPostprocessing = 0;
		};
/* End PBXSourcesBuildPhase section */

/* Begin PBXTargetDependency section */
		33A23C09296D79FE0035FBC6 /* PBXTargetDependency */ = {
			isa = PBXTargetDependency;
			target = 33A23BF6296D79FC0035FBC6 /* practiceFromStanford */;
			targetProxy = 33A23C08296D79FE0035FBC6 /* PBXContainerItemProxy */;
		};
		33A23C13296D79FE0035FBC6 /* PBXTargetDependency */ = {
			isa = PBXTargetDependency;
			target = 33A23BF6296D79FC0035FBC6 /* practiceFromStanford */;
			targetProxy = 33A23C12296D79FE0035FBC6 /* PBXContainerItemProxy */;
		};
/* End PBXTargetDependency section */

/* Begin XCBuildConfiguration section */
		33A23C19296D79FE0035FBC6 /* Debug */ = {
			isa = XCBuildConfiguration;
			buildSettings = {
				ALWAYS_SEARCH_USER_PATHS = NO;
				CLANG_ANALYZER_NONNULL = YES;
				CLANG_ANALYZER_NUMBER_OBJECT_CONVERSION = YES_AGGRESSIVE;
				CLANG_CXX_LANGUAGE_STANDARD = "gnu++20";
				CLANG_ENABLE_MODULES = YES;
				CLANG_ENABLE_OBJC_ARC = YES;
				CLANG_ENABLE_OBJC_WEAK = YES;
				CLANG_WARN_BLOCK_CAPTURE_AUTORELEASING = YES;
				CLANG_WARN_BOOL_CONVERSION = YES;
				CLANG_WARN_COMMA = YES;
				CLANG_WARN_CONSTANT_CONVERSION = YES;
				CLANG_WARN_DEPRECATED_OBJC_IMPLEMENTATIONS = YES;
				CLANG_WARN_DIRECT_OBJC_ISA_USAGE = YES_ERROR;
				CLANG_WARN_DOCUMENTATION_COMMENTS = YES;
				CLANG_WARN_EMPTY_BODY = YES;
				CLANG_WARN_ENUM_CONVERSION = YES;
				CLANG_WARN_INFINITE_RECURSION = YES;
				CLANG_WARN_INT_CONVERSION = YES;
				CLANG_WARN_NON_LITERAL_NULL_CONVERSION = YES;
				CLANG_WARN_OBJC_IMPLICIT_RETAIN_SELF = YES;
				CLANG_WARN_OBJC_LITERAL_CONVERSION = YES;
				CLANG_WARN_OBJC_ROOT_CLASS = YES_ERROR;
				CLANG_WARN_QUOTED_INCLUDE_IN_FRAMEWORK_HEADER = YES;
				CLANG_WARN_RANGE_LOOP_ANALYSIS = YES;
				CLANG_WARN_STRICT_PROTOTYPES = YES;
				CLANG_WARN_SUSPICIOUS_MOVE = YES;
				CLANG_WARN_UNGUARDED_AVAILABILITY = YES_AGGRESSIVE;
				CLANG_WARN_UNREACHABLE_CODE = YES;
				CLANG_WARN__DUPLICATE_METHOD_MATCH = YES;
				COPY_PHASE_STRIP = NO;
				DEBUG_INFORMATION_FORMAT = dwarf;
				ENABLE_STRICT_OBJC_MSGSEND = YES;
				ENABLE_TESTABILITY = YES;
				GCC_C_LANGUAGE_STANDARD = gnu11;
				GCC_DYNAMIC_NO_PIC = NO;
				GCC_NO_COMMON_BLOCKS = YES;
				GCC_OPTIMIZATION_LEVEL = 0;
				GCC_PREPROCESSOR_DEFINITIONS = (
					"DEBUG=1",
					"$(inherited)",
				);
				GCC_WARN_64_TO_32_BIT_CONVERSION = YES;
				GCC_WARN_ABOUT_RETURN_TYPE = YES_ERROR;
				GCC_WARN_UNDECLARED_SELECTOR = YES;
				GCC_WARN_UNINITIALIZED_AUTOS = YES_AGGRESSIVE;
				GCC_WARN_UNUSED_FUNCTION = YES;
				GCC_WARN_UNUSED_VARIABLE = YES;
				IPHONEOS_DEPLOYMENT_TARGET = 16.2;
				MTL_ENABLE_DEBUG_INFO = INCLUDE_SOURCE;
				MTL_FAST_MATH = YES;
				ONLY_ACTIVE_ARCH = YES;
				SDKROOT = iphoneos;
				SWIFT_ACTIVE_COMPILATION_CONDITIONS = DEBUG;
				SWIFT_OPTIMIZATION_LEVEL = "-Onone";
			};
			name = Debug;
		};
		33A23C1A296D79FE0035FBC6 /* Release */ = {
			isa = XCBuildConfiguration;
			buildSettings = {
				ALWAYS_SEARCH_USER_PATHS = NO;
				CLANG_ANALYZER_NONNULL = YES;
				CLANG_ANALYZER_NUMBER_OBJECT_CONVERSION = YES_AGGRESSIVE;
				CLANG_CXX_LANGUAGE_STANDARD = "gnu++20";
				CLANG_ENABLE_MODULES = YES;
				CLANG_ENABLE_OBJC_ARC = YES;
				CLANG_ENABLE_OBJC_WEAK = YES;
				CLANG_WARN_BLOCK_CAPTURE_AUTORELEASING = YES;
				CLANG_WARN_BOOL_CONVERSION = YES;
				CLANG_WARN_COMMA = YES;
				CLANG_WARN_CONSTANT_CONVERSION = YES;
				CLANG_WARN_DEPRECATED_OBJC_IMPLEMENTATIONS = YES;
				CLANG_WARN_DIRECT_OBJC_ISA_USAGE = YES_ERROR;
				CLANG_WARN_DOCUMENTATION_COMMENTS = YES;
				CLANG_WARN_EMPTY_BODY = YES;
				CLANG_WARN_ENUM_CONVERSION = YES;
				CLANG_WARN_INFINITE_RECURSION = YES;
				CLANG_WARN_INT_CONVERSION = YES;
				CLANG_WARN_NON_LITERAL_NULL_CONVERSION = YES;
				CLANG_WARN_OBJC_IMPLICIT_RETAIN_SELF = YES;
				CLANG_WARN_OBJC_LITERAL_CONVERSION = YES;
				CLANG_WARN_OBJC_ROOT_CLASS = YES_ERROR;
				CLANG_WARN_QUOTED_INCLUDE_IN_FRAMEWORK_HEADER = YES;
				CLANG_WARN_RANGE_LOOP_ANALYSIS = YES;
				CLANG_WARN_STRICT_PROTOTYPES = YES;
				CLANG_WARN_SUSPICIOUS_MOVE = YES;
				CLANG_WARN_UNGUARDED_AVAILABILITY = YES_AGGRESSIVE;
				CLANG_WARN_UNREACHABLE_CODE = YES;
				CLANG_WARN__DUPLICATE_METHOD_MATCH = YES;
				COPY_PHASE_STRIP = NO;
				DEBUG_INFORMATION_FORMAT = "dwarf-with-dsym";
				ENABLE_NS_ASSERTIONS = NO;
				ENABLE_STRICT_OBJC_MSGSEND = YES;
				GCC_C_LANGUAGE_STANDARD = gnu11;
				GCC_NO_COMMON_BLOCKS = YES;
				GCC_WARN_64_TO_32_BIT_CONVERSION = YES;
				GCC_WARN_ABOUT_RETURN_TYPE = YES_ERROR;
				GCC_WARN_UNDECLARED_SELECTOR = YES;
				GCC_WARN_UNINITIALIZED_AUTOS = YES_AGGRESSIVE;
				GCC_WARN_UNUSED_FUNCTION = YES;
				GCC_WARN_UNUSED_VARIABLE = YES;
				IPHONEOS_DEPLOYMENT_TARGET = 16.2;
				MTL_ENABLE_DEBUG_INFO = NO;
				MTL_FAST_MATH = YES;
				SDKROOT = iphoneos;
				SWIFT_COMPILATION_MODE = wholemodule;
				SWIFT_OPTIMIZATION_LEVEL = "-O";
				VALIDATE_PRODUCT = YES;
			};
			name = Release;
		};
		33A23C1C296D79FE0035FBC6 /* Debug */ = {
			isa = XCBuildConfiguration;
			buildSettings = {
				ASSETCATALOG_COMPILER_APPICON_NAME = AppIcon;
				ASSETCATALOG_COMPILER_GLOBAL_ACCENT_COLOR_NAME = AccentColor;
				CODE_SIGN_STYLE = Automatic;
				CURRENT_PROJECT_VERSION = 1;
				DEVELOPMENT_ASSET_PATHS = "\"practiceFromStanford/Preview Content\"";
				DEVELOPMENT_TEAM = C9GRWZY5P5;
				ENABLE_PREVIEWS = YES;
				GENERATE_INFOPLIST_FILE = YES;
				INFOPLIST_KEY_UIApplicationSceneManifest_Generation = YES;
				INFOPLIST_KEY_UIApplicationSupportsIndirectInputEvents = YES;
				INFOPLIST_KEY_UILaunchScreen_Generation = YES;
				INFOPLIST_KEY_UISupportedInterfaceOrientations_iPad = "UIInterfaceOrientationPortrait UIInterfaceOrientationPortraitUpsideDown UIInterfaceOrientationLandscapeLeft UIInterfaceOrientationLandscapeRight";
				INFOPLIST_KEY_UISupportedInterfaceOrientations_iPhone = "UIInterfaceOrientationPortrait UIInterfaceOrientationLandscapeLeft UIInterfaceOrientationLandscapeRight";
				IPHONEOS_DEPLOYMENT_TARGET = 16.0;
				LD_RUNPATH_SEARCH_PATHS = (
					"$(inherited)",
					"@executable_path/Frameworks",
				);
				MARKETING_VERSION = 1.0;
				PRODUCT_BUNDLE_IDENTIFIER = Alexandra.practiceFromStanford;
				PRODUCT_NAME = "$(TARGET_NAME)";
				SWIFT_EMIT_LOC_STRINGS = YES;
				SWIFT_VERSION = 5.0;
				TARGETED_DEVICE_FAMILY = "1,2";
			};
			name = Debug;
		};
		33A23C1D296D79FE0035FBC6 /* Release */ = {
			isa = XCBuildConfiguration;
			buildSettings = {
				ASSETCATALOG_COMPILER_APPICON_NAME = AppIcon;
				ASSETCATALOG_COMPILER_GLOBAL_ACCENT_COLOR_NAME = AccentColor;
				CODE_SIGN_STYLE = Automatic;
				CURRENT_PROJECT_VERSION = 1;
				DEVELOPMENT_ASSET_PATHS = "\"practiceFromStanford/Preview Content\"";
				DEVELOPMENT_TEAM = C9GRWZY5P5;
				ENABLE_PREVIEWS = YES;
				GENERATE_INFOPLIST_FILE = YES;
				INFOPLIST_KEY_UIApplicationSceneManifest_Generation = YES;
				INFOPLIST_KEY_UIApplicationSupportsIndirectInputEvents = YES;
				INFOPLIST_KEY_UILaunchScreen_Generation = YES;
				INFOPLIST_KEY_UISupportedInterfaceOrientations_iPad = "UIInterfaceOrientationPortrait UIInterfaceOrientationPortraitUpsideDown UIInterfaceOrientationLandscapeLeft UIInterfaceOrientationLandscapeRight";
				INFOPLIST_KEY_UISupportedInterfaceOrientations_iPhone = "UIInterfaceOrientationPortrait UIInterfaceOrientationLandscapeLeft UIInterfaceOrientationLandscapeRight";
				IPHONEOS_DEPLOYMENT_TARGET = 16.0;
				LD_RUNPATH_SEARCH_PATHS = (
					"$(inherited)",
					"@executable_path/Frameworks",
				);
				MARKETING_VERSION = 1.0;
				PRODUCT_BUNDLE_IDENTIFIER = Alexandra.practiceFromStanford;
				PRODUCT_NAME = "$(TARGET_NAME)";
				SWIFT_EMIT_LOC_STRINGS = YES;
				SWIFT_VERSION = 5.0;
				TARGETED_DEVICE_FAMILY = "1,2";
			};
			name = Release;
		};
		33A23C1F296D79FE0035FBC6 /* Debug */ = {
			isa = XCBuildConfiguration;
			buildSettings = {
				ALWAYS_EMBED_SWIFT_STANDARD_LIBRARIES = YES;
				BUNDLE_LOADER = "$(TEST_HOST)";
				CODE_SIGN_STYLE = Automatic;
				CURRENT_PROJECT_VERSION = 1;
				GENERATE_INFOPLIST_FILE = YES;
				IPHONEOS_DEPLOYMENT_TARGET = 16.2;
				MARKETING_VERSION = 1.0;
				PRODUCT_BUNDLE_IDENTIFIER = Alexandra.practiceFromStanfordTests;
				PRODUCT_NAME = "$(TARGET_NAME)";
				SWIFT_EMIT_LOC_STRINGS = NO;
				SWIFT_VERSION = 5.0;
				TARGETED_DEVICE_FAMILY = "1,2";
				TEST_HOST = "$(BUILT_PRODUCTS_DIR)/practiceFromStanford.app/$(BUNDLE_EXECUTABLE_FOLDER_PATH)/practiceFromStanford";
			};
			name = Debug;
		};
		33A23C20296D79FE0035FBC6 /* Release */ = {
			isa = XCBuildConfiguration;
			buildSettings = {
				ALWAYS_EMBED_SWIFT_STANDARD_LIBRARIES = YES;
				BUNDLE_LOADER = "$(TEST_HOST)";
				CODE_SIGN_STYLE = Automatic;
				CURRENT_PROJECT_VERSION = 1;
				GENERATE_INFOPLIST_FILE = YES;
				IPHONEOS_DEPLOYMENT_TARGET = 16.2;
				MARKETING_VERSION = 1.0;
				PRODUCT_BUNDLE_IDENTIFIER = Alexandra.practiceFromStanfordTests;
				PRODUCT_NAME = "$(TARGET_NAME)";
				SWIFT_EMIT_LOC_STRINGS = NO;
				SWIFT_VERSION = 5.0;
				TARGETED_DEVICE_FAMILY = "1,2";
				TEST_HOST = "$(BUILT_PRODUCTS_DIR)/practiceFromStanford.app/$(BUNDLE_EXECUTABLE_FOLDER_PATH)/practiceFromStanford";
			};
			name = Release;
		};
		33A23C22296D79FE0035FBC6 /* Debug */ = {
			isa = XCBuildConfiguration;
			buildSettings = {
				ALWAYS_EMBED_SWIFT_STANDARD_LIBRARIES = YES;
				CODE_SIGN_STYLE = Automatic;
				CURRENT_PROJECT_VERSION = 1;
				GENERATE_INFOPLIST_FILE = YES;
				MARKETING_VERSION = 1.0;
				PRODUCT_BUNDLE_IDENTIFIER = Alexandra.practiceFromStanfordUITests;
				PRODUCT_NAME = "$(TARGET_NAME)";
				SWIFT_EMIT_LOC_STRINGS = NO;
				SWIFT_VERSION = 5.0;
				TARGETED_DEVICE_FAMILY = "1,2";
				TEST_TARGET_NAME = practiceFromStanford;
			};
			name = Debug;
		};
		33A23C23296D79FE0035FBC6 /* Release */ = {
			isa = XCBuildConfiguration;
			buildSettings = {
				ALWAYS_EMBED_SWIFT_STANDARD_LIBRARIES = YES;
				CODE_SIGN_STYLE = Automatic;
				CURRENT_PROJECT_VERSION = 1;
				GENERATE_INFOPLIST_FILE = YES;
				MARKETING_VERSION = 1.0;
				PRODUCT_BUNDLE_IDENTIFIER = Alexandra.practiceFromStanfordUITests;
				PRODUCT_NAME = "$(TARGET_NAME)";
				SWIFT_EMIT_LOC_STRINGS = NO;
				SWIFT_VERSION = 5.0;
				TARGETED_DEVICE_FAMILY = "1,2";
				TEST_TARGET_NAME = practiceFromStanford;
			};
			name = Release;
		};
/* End XCBuildConfiguration section */

/* Begin XCConfigurationList section */
		33A23BF2296D79FC0035FBC6 /* Build configuration list for PBXProject "practiceFromStanford" */ = {
			isa = XCConfigurationList;
			buildConfigurations = (
				33A23C19296D79FE0035FBC6 /* Debug */,
				33A23C1A296D79FE0035FBC6 /* Release */,
			);
			defaultConfigurationIsVisible = 0;
			defaultConfigurationName = Release;
		};
		33A23C1B296D79FE0035FBC6 /* Build configuration list for PBXNativeTarget "practiceFromStanford" */ = {
			isa = XCConfigurationList;
			buildConfigurations = (
				33A23C1C296D79FE0035FBC6 /* Debug */,
				33A23C1D296D79FE0035FBC6 /* Release */,
			);
			defaultConfigurationIsVisible = 0;
			defaultConfigurationName = Release;
		};
		33A23C1E296D79FE0035FBC6 /* Build configuration list for PBXNativeTarget "practiceFromStanfordTests" */ = {
			isa = XCConfigurationList;
			buildConfigurations = (
				33A23C1F296D79FE0035FBC6 /* Debug */,
				33A23C20296D79FE0035FBC6 /* Release */,
			);
			defaultConfigurationIsVisible = 0;
			defaultConfigurationName = Release;
		};
		33A23C21296D79FE0035FBC6 /* Build configuration list for PBXNativeTarget "practiceFromStanfordUITests" */ = {
			isa = XCConfigurationList;
			buildConfigurations = (
				33A23C22296D79FE0035FBC6 /* Debug */,
				33A23C23296D79FE0035FBC6 /* Release */,
			);
			defaultConfigurationIsVisible = 0;
			defaultConfigurationName = Release;
		};
/* End XCConfigurationList section */
	};
	rootObject = 33A23BEF296D79FC0035FBC6 /* Project object */;
}
